
Microsoft Visual Studio Solution File, Format Version 12.00
# Visual Studio Version 17
VisualStudioVersion = 17.9.34714.143
MinimumVisualStudioVersion = 10.0.40219.1
Project("{FAE04EC0-301F-11D3-BF4B-00C04F79EFBC}") = "RPKS_Distance", "RPKS_Distance\RPKS_Distance.csproj", "{63DC0C09-DB68-4FDD-9599-4D0FAD6D5CB1}"
EndProject
Global
	GlobalSection(SolutionConfigurationPlatforms) = preSolution
		Debug|Any CPU = Debug|Any CPU
		Release|Any CPU = Release|Any CPU
	EndGlobalSection
	GlobalSection(ProjectConfigurationPlatforms) = postSolution
		{63DC0C09-DB68-4FDD-9599-4D0FAD6D5CB1}.Debug|Any CPU.ActiveCfg = Debug|Any CPU
		{63DC0C09-DB68-4FDD-9599-4D0FAD6D5CB1}.Debug|Any CPU.Build.0 = Debug|Any CPU
		{63DC0C09-DB68-4FDD-9599-4D0FAD6D5CB1}.Release|Any CPU.ActiveCfg = Release|Any CPU
		{63DC0C09-DB68-4FDD-9599-4D0FAD6D5CB1}.Release|Any CPU.Build.0 = Release|Any CPU
	EndGlobalSection
	GlobalSection(SolutionProperties) = preSolution
		HideSolutionNode = FALSE
	EndGlobalSection
	GlobalSection(ExtensibilityGlobals) = postSolution
		SolutionGuid = {C953F259-DD45-4990-95B6-A3594D42792A}
	EndGlobalSection
EndGlobal
